
Microsoft Visual Studio Solution File, Format Version 12.00
# Visual Studio Version 17
VisualStudioVersion = 17.13.35818.85 d17.13
MinimumVisualStudioVersion = 10.0.40219.1
Project("{FAE04EC0-301F-11D3-BF4B-00C04F79EFBC}") = "OsProject", "OsProject.csproj", "{01129391-6BF7-48F4-A8EA-D37010B8D07F}"
EndProject
Global
	GlobalSection(SolutionConfigurationPlatforms) = preSolution
		Debug|Any CPU = Debug|Any CPU
		Release|Any CPU = Release|Any CPU
	EndGlobalSection
	GlobalSection(ProjectConfigurationPlatforms) = postSolution
		{01129391-6BF7-48F4-A8EA-D37010B8D07F}.Debug|Any CPU.ActiveCfg = Debug|Any CPU
		{01129391-6BF7-48F4-A8EA-D37010B8D07F}.Debug|Any CPU.Build.0 = Debug|Any CPU
		{01129391-6BF7-48F4-A8EA-D37010B8D07F}.Release|Any CPU.ActiveCfg = Release|Any CPU
		{01129391-6BF7-48F4-A8EA-D37010B8D07F}.Release|Any CPU.Build.0 = Release|Any CPU
	EndGlobalSection
	GlobalSection(SolutionProperties) = preSolution
		HideSolutionNode = FALSE
	EndGlobalSection
	GlobalSection(ExtensibilityGlobals) = postSolution
		SolutionGuid = {C14C6718-7FEE-4E24-8CC2-50554F8124E1}
	EndGlobalSection
EndGlobal
